
Microsoft Visual Studio Solution File, Format Version 12.00
# Visual Studio 15
VisualStudioVersion = 15.0.27130.2010
MinimumVisualStudioVersion = 10.0.40219.1
Project("{888888A0-9F3D-457C-B088-3A5042F75D52}") = "naver_hack", "naver_hack.pyproj", "{57866E60-D3DB-462B-B935-CFFE09A9A40A}"
EndProject
Global
	GlobalSection(SolutionConfigurationPlatforms) = preSolution
		Debug|Any CPU = Debug|Any CPU
		Release|Any CPU = Release|Any CPU
	EndGlobalSection
	GlobalSection(ProjectConfigurationPlatforms) = postSolution
		{57866E60-D3DB-462B-B935-CFFE09A9A40A}.Debug|Any CPU.ActiveCfg = Debug|Any CPU
		{57866E60-D3DB-462B-B935-CFFE09A9A40A}.Release|Any CPU.ActiveCfg = Release|Any CPU
	EndGlobalSection
	GlobalSection(SolutionProperties) = preSolution
		HideSolutionNode = FALSE
	EndGlobalSection
	GlobalSection(ExtensibilityGlobals) = postSolution
		SolutionGuid = {2817BBA2-CC61-49D3-8457-FB271816F96E}
	EndGlobalSection
EndGlobal
